
Microsoft Visual Studio Solution File, Format Version 12.00
# Visual Studio 15
VisualStudioVersion = 15.0.27703.2035
MinimumVisualStudioVersion = 10.0.40219.1
Project("{FAE04EC0-301F-11D3-BF4B-00C04F79EFBC}") = "MissionIT.WebHelp", "MissionIT.WebHelp\MissionIT.WebHelp.csproj", "{88975E7F-F3D1-4E8A-82B3-1E282C26F8D3}"
EndProject
Global
	GlobalSection(SolutionConfigurationPlatforms) = preSolution
		Debug|Any CPU = Debug|Any CPU
		Release|Any CPU = Release|Any CPU
	EndGlobalSection
	GlobalSection(ProjectConfigurationPlatforms) = postSolution
		{88975E7F-F3D1-4E8A-82B3-1E282C26F8D3}.Debug|Any CPU.ActiveCfg = Debug|Any CPU
		{88975E7F-F3D1-4E8A-82B3-1E282C26F8D3}.Debug|Any CPU.Build.0 = Debug|Any CPU
		{88975E7F-F3D1-4E8A-82B3-1E282C26F8D3}.Release|Any CPU.ActiveCfg = Release|Any CPU
		{88975E7F-F3D1-4E8A-82B3-1E282C26F8D3}.Release|Any CPU.Build.0 = Release|Any CPU
	EndGlobalSection
	GlobalSection(SolutionProperties) = preSolution
		HideSolutionNode = FALSE
	EndGlobalSection
	GlobalSection(ExtensibilityGlobals) = postSolution
		SolutionGuid = {DC6850A7-3633-4A6F-8D64-D8C35782365A}
	EndGlobalSection
EndGlobal
